
Microsoft Visual Studio Solution File, Format Version 12.00
# Visual Studio Version 17
VisualStudioVersion = 17.2.32616.157
MinimumVisualStudioVersion = 10.0.40219.1
Project("{FAE04EC0-301F-11D3-BF4B-00C04F79EFBC}") = "NavVis.CRM.Plugins", "NavVis.CRM.Plugins\NavVis.CRM.Plugins.csproj", "{81FD7160-6D0D-420F-811A-33B7DC92A78B}"
EndProject
Project("{FAE04EC0-301F-11D3-BF4B-00C04F79EFBC}") = "DataverseSolution", "DataverseSolution\DataverseSolution.csproj", "{475D64B6-E064-4EF6-9A4D-69A896DFD95D}"
EndProject
Global
	GlobalSection(SolutionConfigurationPlatforms) = preSolution
		Debug|Any CPU = Debug|Any CPU
		Release|Any CPU = Release|Any CPU
	EndGlobalSection
	GlobalSection(ProjectConfigurationPlatforms) = postSolution
		{81FD7160-6D0D-420F-811A-33B7DC92A78B}.Debug|Any CPU.ActiveCfg = Debug|Any CPU
		{81FD7160-6D0D-420F-811A-33B7DC92A78B}.Debug|Any CPU.Build.0 = Debug|Any CPU
		{81FD7160-6D0D-420F-811A-33B7DC92A78B}.Release|Any CPU.ActiveCfg = Release|Any CPU
		{81FD7160-6D0D-420F-811A-33B7DC92A78B}.Release|Any CPU.Build.0 = Release|Any CPU
		{475D64B6-E064-4EF6-9A4D-69A896DFD95D}.Debug|Any CPU.ActiveCfg = Debug|Any CPU
		{475D64B6-E064-4EF6-9A4D-69A896DFD95D}.Debug|Any CPU.Build.0 = Debug|Any CPU
		{475D64B6-E064-4EF6-9A4D-69A896DFD95D}.Release|Any CPU.ActiveCfg = Release|Any CPU
		{475D64B6-E064-4EF6-9A4D-69A896DFD95D}.Release|Any CPU.Build.0 = Release|Any CPU
	EndGlobalSection
	GlobalSection(SolutionProperties) = preSolution
		HideSolutionNode = FALSE
	EndGlobalSection
	GlobalSection(ExtensibilityGlobals) = postSolution
		SolutionGuid = {85DD27B6-A507-4483-AEF6-A5D896E498B3}
	EndGlobalSection
EndGlobal
